// !$*UTF8*$!
{
	archiveVersion = 1;
	classes = {
	};
	objectVersion = 56;
	objects = {

/* Begin PBXBuildFile section */
		2517732B2A4F80970047DDA5 /* AutoQuitApp.swift in Sources */ = {isa = PBXBuildFile; fileRef = 2517732A2A4F80970047DDA5 /* AutoQuitApp.swift */; };
		2517732D2A4F80970047DDA5 /* ContentView.swift in Sources */ = {isa = PBXBuildFile; fileRef = 2517732C2A4F80970047DDA5 /* ContentView.swift */; };
		2517732F2A4F80980047DDA5 /* Assets.xcassets in Resources */ = {isa = PBXBuildFile; fileRef = 2517732E2A4F80980047DDA5 /* Assets.xcassets */; };
		251773322A4F80980047DDA5 /* Preview Assets.xcassets in Resources */ = {isa = PBXBuildFile; fileRef = 251773312A4F80980047DDA5 /* Preview Assets.xcassets */; };
		2517733D2A4F80980047DDA5 /* AutoQuitTests.swift in Sources */ = {isa = PBXBuildFile; fileRef = 2517733C2A4F80980047DDA5 /* AutoQuitTests.swift */; };
		251773472A4F80980047DDA5 /* AutoQuitUITests.swift in Sources */ = {isa = PBXBuildFile; fileRef = 251773462A4F80980047DDA5 /* AutoQuitUITests.swift */; };
		251773492A4F80980047DDA5 /* AutoQuitUITestsLaunchTests.swift in Sources */ = {isa = PBXBuildFile; fileRef = 251773482A4F80980047DDA5 /* AutoQuitUITestsLaunchTests.swift */; };
		25A62E0B2A7B04D300C6FDAC /* Localizable.xcstrings in Resources */ = {isa = PBXBuildFile; fileRef = 25A62E0A2A7B04D300C6FDAC /* Localizable.xcstrings */; };
/* End PBXBuildFile section */

/* Begin PBXContainerItemProxy section */
		251773392A4F80980047DDA5 /* PBXContainerItemProxy */ = {
			isa = PBXContainerItemProxy;
			containerPortal = 2517731F2A4F80970047DDA5 /* Project object */;
			proxyType = 1;
			remoteGlobalIDString = 251773262A4F80970047DDA5;
			remoteInfo = AutoQuit;
		};
		251773432A4F80980047DDA5 /* PBXContainerItemProxy */ = {
			isa = PBXContainerItemProxy;
			containerPortal = 2517731F2A4F80970047DDA5 /* Project object */;
			proxyType = 1;
			remoteGlobalIDString = 251773262A4F80970047DDA5;
			remoteInfo = AutoQuit;
		};
/* End PBXContainerItemProxy section */

/* Begin PBXFileReference section */
		251773272A4F80970047DDA5 /* AutoQuit.app */ = {isa = PBXFileReference; explicitFileType = wrapper.application; includeInIndex = 0; path = AutoQuit.app; sourceTree = BUILT_PRODUCTS_DIR; };
		2517732A2A4F80970047DDA5 /* AutoQuitApp.swift */ = {isa = PBXFileReference; lastKnownFileType = sourcecode.swift; path = AutoQuitApp.swift; sourceTree = "<group>"; };
		2517732C2A4F80970047DDA5 /* ContentView.swift */ = {isa = PBXFileReference; lastKnownFileType = sourcecode.swift; path = ContentView.swift; sourceTree = "<group>"; };
		2517732E2A4F80980047DDA5 /* Assets.xcassets */ = {isa = PBXFileReference; lastKnownFileType = folder.assetcatalog; path = Assets.xcassets; sourceTree = "<group>"; };
		251773312A4F80980047DDA5 /* Preview Assets.xcassets */ = {isa = PBXFileReference; lastKnownFileType = folder.assetcatalog; path = "Preview Assets.xcassets"; sourceTree = "<group>"; };
		251773332A4F80980047DDA5 /* AutoQuit.entitlements */ = {isa = PBXFileReference; lastKnownFileType = text.plist.entitlements; path = AutoQuit.entitlements; sourceTree = "<group>"; };
		251773382A4F80980047DDA5 /* AutoQuitTests.xctest */ = {isa = PBXFileReference; explicitFileType = wrapper.cfbundle; includeInIndex = 0; path = AutoQuitTests.xctest; sourceTree = BUILT_PRODUCTS_DIR; };
		2517733C2A4F80980047DDA5 /* AutoQuitTests.swift */ = {isa = PBXFileReference; lastKnownFileType = sourcecode.swift; path = AutoQuitTests.swift; sourceTree = "<group>"; };
		251773422A4F80980047DDA5 /* AutoQuitUITests.xctest */ = {isa = PBXFileReference; explicitFileType = wrapper.cfbundle; includeInIndex = 0; path = AutoQuitUITests.xctest; sourceTree = BUILT_PRODUCTS_DIR; };
		251773462A4F80980047DDA5 /* AutoQuitUITests.swift */ = {isa = PBXFileReference; lastKnownFileType = sourcecode.swift; path = AutoQuitUITests.swift; sourceTree = "<group>"; };
		251773482A4F80980047DDA5 /* AutoQuitUITestsLaunchTests.swift */ = {isa = PBXFileReference; lastKnownFileType = sourcecode.swift; path = AutoQuitUITestsLaunchTests.swift; sourceTree = "<group>"; };
		25A62DFB2A7B04D300C6FDAC /* Info.plist */ = {isa = PBXFileReference; lastKnownFileType = text.plist.xml; path = Info.plist; sourceTree = "<group>"; };
		25A62E0A2A7B04D300C6FDAC /* Localizable.xcstrings */ = {isa = PBXFileReference; lastKnownFileType = text.json.xcstrings; path = Localizable.xcstrings; sourceTree = "<group>"; };
/* End PBXFileReference section */

/* Begin PBXFrameworksBuildPhase section */
		251773242A4F80970047DDA5 /* Frameworks */ = {
			isa = PBXFrameworksBuildPhase;
			buildActionMask = 2147483647;
			files = (
			);
			runOnlyForDeploymentPostprocessing = 0;
		};
		251773352A4F80980047DDA5 /* Frameworks */ = {
			isa = PBXFrameworksBuildPhase;
			buildActionMask = 2147483647;
			files = (
			);
			runOnlyForDeploymentPostprocessing = 0;
		};
		2517733F2A4F80980047DDA5 /* Frameworks */ = {
			isa = PBXFrameworksBuildPhase;
			buildActionMask = 2147483647;
			files = (
			);
			runOnlyForDeploymentPostprocessing = 0;
		};
/* End PBXFrameworksBuildPhase section */

/* Begin PBXGroup section */
		2517731E2A4F80970047DDA5 = {
			isa = PBXGroup;
			children = (
				251773292A4F80970047DDA5 /* AutoQuit */,
				2517733B2A4F80980047DDA5 /* AutoQuitTests */,
				251773452A4F80980047DDA5 /* AutoQuitUITests */,
				251773282A4F80970047DDA5 /* Products */,
			);
			sourceTree = "<group>";
		};
		251773282A4F80970047DDA5 /* Products */ = {
			isa = PBXGroup;
			children = (
				251773272A4F80970047DDA5 /* AutoQuit.app */,
				251773382A4F80980047DDA5 /* AutoQuitTests.xctest */,
				251773422A4F80980047DDA5 /* AutoQuitUITests.xctest */,
			);
			name = Products;
			sourceTree = "<group>";
		};
		251773292A4F80970047DDA5 /* AutoQuit */ = {
			isa = PBXGroup;
			children = (
				25A62DFB2A7B04D300C6FDAC /* Info.plist */,
				2517732A2A4F80970047DDA5 /* AutoQuitApp.swift */,
				2517732C2A4F80970047DDA5 /* ContentView.swift */,
				25A62E0A2A7B04D300C6FDAC /* Localizable.xcstrings */,
				2517732E2A4F80980047DDA5 /* Assets.xcassets */,
				251773332A4F80980047DDA5 /* AutoQuit.entitlements */,
				251773302A4F80980047DDA5 /* Preview Content */,
			);
			path = AutoQuit;
			sourceTree = "<group>";
		};
		251773302A4F80980047DDA5 /* Preview Content */ = {
			isa = PBXGroup;
			children = (
				251773312A4F80980047DDA5 /* Preview Assets.xcassets */,
			);
			path = "Preview Content";
			sourceTree = "<group>";
		};
		2517733B2A4F80980047DDA5 /* AutoQuitTests */ = {
			isa = PBXGroup;
			children = (
				2517733C2A4F80980047DDA5 /* AutoQuitTests.swift */,
			);
			path = AutoQuitTests;
			sourceTree = "<group>";
		};
		251773452A4F80980047DDA5 /* AutoQuitUITests */ = {
			isa = PBXGroup;
			children = (
				251773462A4F80980047DDA5 /* AutoQuitUITests.swift */,
				251773482A4F80980047DDA5 /* AutoQuitUITestsLaunchTests.swift */,
			);
			path = AutoQuitUITests;
			sourceTree = "<group>";
		};
/* End PBXGroup section */

/* Begin PBXNativeTarget section */
		251773262A4F80970047DDA5 /* AutoQuit */ = {
			isa = PBXNativeTarget;
			buildConfigurationList = 2517734C2A4F80980047DDA5 /* Build configuration list for PBXNativeTarget "AutoQuit" */;
			buildPhases = (
				251773232A4F80970047DDA5 /* Sources */,
				251773242A4F80970047DDA5 /* Frameworks */,
				251773252A4F80970047DDA5 /* Resources */,
			);
			buildRules = (
			);
			dependencies = (
			);
			name = AutoQuit;
			productName = AutoQuit;
			productReference = 251773272A4F80970047DDA5 /* AutoQuit.app */;
			productType = "com.apple.product-type.application";
		};
		251773372A4F80980047DDA5 /* AutoQuitTests */ = {
			isa = PBXNativeTarget;
			buildConfigurationList = 2517734F2A4F80980047DDA5 /* Build configuration list for PBXNativeTarget "AutoQuitTests" */;
			buildPhases = (
				251773342A4F80980047DDA5 /* Sources */,
				251773352A4F80980047DDA5 /* Frameworks */,
				251773362A4F80980047DDA5 /* Resources */,
			);
			buildRules = (
			);
			dependencies = (
				2517733A2A4F80980047DDA5 /* PBXTargetDependency */,
			);
			name = AutoQuitTests;
			productName = AutoQuitTests;
			productReference = 251773382A4F80980047DDA5 /* AutoQuitTests.xctest */;
			productType = "com.apple.product-type.bundle.unit-test";
		};
		251773412A4F80980047DDA5 /* AutoQuitUITests */ = {
			isa = PBXNativeTarget;
			buildConfigurationList = 251773522A4F80980047DDA5 /* Build configuration list for PBXNativeTarget "AutoQuitUITests" */;
			buildPhases = (
				2517733E2A4F80980047DDA5 /* Sources */,
				2517733F2A4F80980047DDA5 /* Frameworks */,
				251773402A4F80980047DDA5 /* Resources */,
			);
			buildRules = (
			);
			dependencies = (
				251773442A4F80980047DDA5 /* PBXTargetDependency */,
			);
			name = AutoQuitUITests;
			productName = AutoQuitUITests;
			productReference = 251773422A4F80980047DDA5 /* AutoQuitUITests.xctest */;
			productType = "com.apple.product-type.bundle.ui-testing";
		};
/* End PBXNativeTarget section */

/* Begin PBXProject section */
		2517731F2A4F80970047DDA5 /* Project object */ = {
			isa = PBXProject;
			attributes = {
				BuildIndependentTargetsInParallel = 1;
				LastSwiftUpdateCheck = 1430;
				LastUpgradeCheck = 1430;
				TargetAttributes = {
					251773262A4F80970047DDA5 = {
						CreatedOnToolsVersion = 14.3;
					};
					251773372A4F80980047DDA5 = {
						CreatedOnToolsVersion = 14.3;
						TestTargetID = 251773262A4F80970047DDA5;
					};
					251773412A4F80980047DDA5 = {
						CreatedOnToolsVersion = 14.3;
						TestTargetID = 251773262A4F80970047DDA5;
					};
				};
			};
			buildConfigurationList = 251773222A4F80970047DDA5 /* Build configuration list for PBXProject "AutoQuit" */;
			compatibilityVersion = "Xcode 14.0";
			developmentRegion = en;
			hasScannedForEncodings = 0;
			knownRegions = (
				en,
				Base,
				nl,
			);
			mainGroup = 2517731E2A4F80970047DDA5;
			productRefGroup = 251773282A4F80970047DDA5 /* Products */;
			projectDirPath = "";
			projectRoot = "";
			targets = (
				251773262A4F80970047DDA5 /* AutoQuit */,
				251773372A4F80980047DDA5 /* AutoQuitTests */,
				251773412A4F80980047DDA5 /* AutoQuitUITests */,
			);
		};
/* End PBXProject section */

/* Begin PBXResourcesBuildPhase section */
		251773252A4F80970047DDA5 /* Resources */ = {
			isa = PBXResourcesBuildPhase;
			buildActionMask = 2147483647;
			files = (
				251773322A4F80980047DDA5 /* Preview Assets.xcassets in Resources */,
				2517732F2A4F80980047DDA5 /* Assets.xcassets in Resources */,
				25A62E0B2A7B04D300C6FDAC /* Localizable.xcstrings in Resources */,
			);
			runOnlyForDeploymentPostprocessing = 0;
		};
		251773362A4F80980047DDA5 /* Resources */ = {
			isa = PBXResourcesBuildPhase;
			buildActionMask = 2147483647;
			files = (
			);
			runOnlyForDeploymentPostprocessing = 0;
		};
		251773402A4F80980047DDA5 /* Resources */ = {
			isa = PBXResourcesBuildPhase;
			buildActionMask = 2147483647;
			files = (
			);
			runOnlyForDeploymentPostprocessing = 0;
		};
/* End PBXResourcesBuildPhase section */

/* Begin PBXSourcesBuildPhase section */
		251773232A4F80970047DDA5 /* Sources */ = {
			isa = PBXSourcesBuildPhase;
			buildActionMask = 2147483647;
			files = (
				2517732D2A4F80970047DDA5 /* ContentView.swift in Sources */,
				2517732B2A4F80970047DDA5 /* AutoQuitApp.swift in Sources */,
			);
			runOnlyForDeploymentPostprocessing = 0;
		};
		251773342A4F80980047DDA5 /* Sources */ = {
			isa = PBXSourcesBuildPhase;
			buildActionMask = 2147483647;
			files = (
				2517733D2A4F80980047DDA5 /* AutoQuitTests.swift in Sources */,
			);
			runOnlyForDeploymentPostprocessing = 0;
		};
		2517733E2A4F80980047DDA5 /* Sources */ = {
			isa = PBXSourcesBuildPhase;
			buildActionMask = 2147483647;
			files = (
				251773472A4F80980047DDA5 /* AutoQuitUITests.swift in Sources */,
				251773492A4F80980047DDA5 /* AutoQuitUITestsLaunchTests.swift in Sources */,
			);
			runOnlyForDeploymentPostprocessing = 0;
		};
/* End PBXSourcesBuildPhase section */

/* Begin PBXTargetDependency section */
		2517733A2A4F80980047DDA5 /* PBXTargetDependency */ = {
			isa = PBXTargetDependency;
			target = 251773262A4F80970047DDA5 /* AutoQuit */;
			targetProxy = 251773392A4F80980047DDA5 /* PBXContainerItemProxy */;
		};
		251773442A4F80980047DDA5 /* PBXTargetDependency */ = {
			isa = PBXTargetDependency;
			target = 251773262A4F80970047DDA5 /* AutoQuit */;
			targetProxy = 251773432A4F80980047DDA5 /* PBXContainerItemProxy */;
		};
/* End PBXTargetDependency section */

/* Begin XCBuildConfiguration section */
		2517734A2A4F80980047DDA5 /* Debug */ = {
			isa = XCBuildConfiguration;
			buildSettings = {
				ALWAYS_SEARCH_USER_PATHS = NO;
				CLANG_ANALYZER_NONNULL = YES;
				CLANG_ANALYZER_NUMBER_OBJECT_CONVERSION = YES_AGGRESSIVE;
				CLANG_CXX_LANGUAGE_STANDARD = "gnu++20";
				CLANG_ENABLE_MODULES = YES;
				CLANG_ENABLE_OBJC_ARC = YES;
				CLANG_ENABLE_OBJC_WEAK = YES;
				CLANG_WARN_BLOCK_CAPTURE_AUTORELEASING = YES;
				CLANG_WARN_BOOL_CONVERSION = YES;
				CLANG_WARN_COMMA = YES;
				CLANG_WARN_CONSTANT_CONVERSION = YES;
				CLANG_WARN_DEPRECATED_OBJC_IMPLEMENTATIONS = YES;
				CLANG_WARN_DIRECT_OBJC_ISA_USAGE = YES_ERROR;
				CLANG_WARN_DOCUMENTATION_COMMENTS = YES;
				CLANG_WARN_EMPTY_BODY = YES;
				CLANG_WARN_ENUM_CONVERSION = YES;
				CLANG_WARN_INFINITE_RECURSION = YES;
				CLANG_WARN_INT_CONVERSION = YES;
				CLANG_WARN_NON_LITERAL_NULL_CONVERSION = YES;
				CLANG_WARN_OBJC_IMPLICIT_RETAIN_SELF = YES;
				CLANG_WARN_OBJC_LITERAL_CONVERSION = YES;
				CLANG_WARN_OBJC_ROOT_CLASS = YES_ERROR;
				CLANG_WARN_QUOTED_INCLUDE_IN_FRAMEWORK_HEADER = YES;
				CLANG_WARN_RANGE_LOOP_ANALYSIS = YES;
				CLANG_WARN_STRICT_PROTOTYPES = YES;
				CLANG_WARN_SUSPICIOUS_MOVE = YES;
				CLANG_WARN_UNGUARDED_AVAILABILITY = YES_AGGRESSIVE;
				CLANG_WARN_UNREACHABLE_CODE = YES;
				CLANG_WARN__DUPLICATE_METHOD_MATCH = YES;
				COPY_PHASE_STRIP = NO;
				DEBUG_INFORMATION_FORMAT = dwarf;
				ENABLE_STRICT_OBJC_MSGSEND = YES;
				ENABLE_TESTABILITY = YES;
				GCC_C_LANGUAGE_STANDARD = gnu11;
				GCC_DYNAMIC_NO_PIC = NO;
				GCC_NO_COMMON_BLOCKS = YES;
				GCC_OPTIMIZATION_LEVEL = 0;
				GCC_PREPROCESSOR_DEFINITIONS = (
					"DEBUG=1",
					"$(inherited)",
				);
				GCC_WARN_64_TO_32_BIT_CONVERSION = YES;
				GCC_WARN_ABOUT_RETURN_TYPE = YES_ERROR;
				GCC_WARN_UNDECLARED_SELECTOR = YES;
				GCC_WARN_UNINITIALIZED_AUTOS = YES_AGGRESSIVE;
				GCC_WARN_UNUSED_FUNCTION = YES;
				GCC_WARN_UNUSED_VARIABLE = YES;
				MACOSX_DEPLOYMENT_TARGET = 13.3;
				MTL_ENABLE_DEBUG_INFO = INCLUDE_SOURCE;
				MTL_FAST_MATH = YES;
				ONLY_ACTIVE_ARCH = YES;
				SDKROOT = macosx;
				SWIFT_ACTIVE_COMPILATION_CONDITIONS = DEBUG;
				SWIFT_OPTIMIZATION_LEVEL = "-Onone";
			};
			name = Debug;
		};
		2517734B2A4F80980047DDA5 /* Release */ = {
			isa = XCBuildConfiguration;
			buildSettings = {
				ALWAYS_SEARCH_USER_PATHS = NO;
				CLANG_ANALYZER_NONNULL = YES;
				CLANG_ANALYZER_NUMBER_OBJECT_CONVERSION = YES_AGGRESSIVE;
				CLANG_CXX_LANGUAGE_STANDARD = "gnu++20";
				CLANG_ENABLE_MODULES = YES;
				CLANG_ENABLE_OBJC_ARC = YES;
				CLANG_ENABLE_OBJC_WEAK = YES;
				CLANG_WARN_BLOCK_CAPTURE_AUTORELEASING = YES;
				CLANG_WARN_BOOL_CONVERSION = YES;
				CLANG_WARN_COMMA = YES;
				CLANG_WARN_CONSTANT_CONVERSION = YES;
				CLANG_WARN_DEPRECATED_OBJC_IMPLEMENTATIONS = YES;
				CLANG_WARN_DIRECT_OBJC_ISA_USAGE = YES_ERROR;
				CLANG_WARN_DOCUMENTATION_COMMENTS = YES;
				CLANG_WARN_EMPTY_BODY = YES;
				CLANG_WARN_ENUM_CONVERSION = YES;
				CLANG_WARN_INFINITE_RECURSION = YES;
				CLANG_WARN_INT_CONVERSION = YES;
				CLANG_WARN_NON_LITERAL_NULL_CONVERSION = YES;
				CLANG_WARN_OBJC_IMPLICIT_RETAIN_SELF = YES;
				CLANG_WARN_OBJC_LITERAL_CONVERSION = YES;
				CLANG_WARN_OBJC_ROOT_CLASS = YES_ERROR;
				CLANG_WARN_QUOTED_INCLUDE_IN_FRAMEWORK_HEADER = YES;
				CLANG_WARN_RANGE_LOOP_ANALYSIS = YES;
				CLANG_WARN_STRICT_PROTOTYPES = YES;
				CLANG_WARN_SUSPICIOUS_MOVE = YES;
				CLANG_WARN_UNGUARDED_AVAILABILITY = YES_AGGRESSIVE;
				CLANG_WARN_UNREACHABLE_CODE = YES;
				CLANG_WARN__DUPLICATE_METHOD_MATCH = YES;
				COPY_PHASE_STRIP = NO;
				DEBUG_INFORMATION_FORMAT = "dwarf-with-dsym";
				ENABLE_NS_ASSERTIONS = NO;
				ENABLE_STRICT_OBJC_MSGSEND = YES;
				GCC_C_LANGUAGE_STANDARD = gnu11;
				GCC_NO_COMMON_BLOCKS = YES;
				GCC_WARN_64_TO_32_BIT_CONVERSION = YES;
				GCC_WARN_ABOUT_RETURN_TYPE = YES_ERROR;
				GCC_WARN_UNDECLARED_SELECTOR = YES;
				GCC_WARN_UNINITIALIZED_AUTOS = YES_AGGRESSIVE;
				GCC_WARN_UNUSED_FUNCTION = YES;
				GCC_WARN_UNUSED_VARIABLE = YES;
				MACOSX_DEPLOYMENT_TARGET = 13.3;
				MTL_ENABLE_DEBUG_INFO = NO;
				MTL_FAST_MATH = YES;
				SDKROOT = macosx;
				SWIFT_COMPILATION_MODE = wholemodule;
				SWIFT_OPTIMIZATION_LEVEL = "-O";
			};
			name = Release;
		};
		2517734D2A4F80980047DDA5 /* Debug */ = {
			isa = XCBuildConfiguration;
			buildSettings = {
				ASSETCATALOG_COMPILER_APPICON_NAME = AppIcon;
				ASSETCATALOG_COMPILER_GLOBAL_ACCENT_COLOR_NAME = AccentColor;
				ASSETCATALOG_COMPILER_INCLUDE_ALL_APPICON_ASSETS = NO;
				CODE_SIGN_ENTITLEMENTS = AutoQuit/AutoQuit.entitlements;
				CODE_SIGN_IDENTITY = "Apple Development";
				CODE_SIGN_STYLE = Automatic;
				COMBINE_HIDPI_IMAGES = YES;
				CURRENT_PROJECT_VERSION = 1;
				DEVELOPMENT_ASSET_PATHS = "\"AutoQuit/Preview Content\"";
				DEVELOPMENT_TEAM = "";
				ENABLE_HARDENED_RUNTIME = YES;
				ENABLE_PREVIEWS = YES;
				GENERATE_INFOPLIST_FILE = YES;
				INFOPLIST_FILE = AutoQuit/Info.plist;
				INFOPLIST_KEY_CFBundleDisplayName = AutoQuit;
				INFOPLIST_KEY_LSApplicationCategoryType = "public.app-category.productivity";
				INFOPLIST_KEY_LSUIElement = YES;
				INFOPLIST_KEY_NSAppleEventsUsageDescription = "Needed to close apps";
				INFOPLIST_KEY_NSHumanReadableCopyright = "";
				LD_RUNPATH_SEARCH_PATHS = (
					"$(inherited)",
					"@executable_path/../Frameworks",
				);
				LOCALIZATION_PREFERS_STRING_CATALOGS = YES;
				MACOSX_DEPLOYMENT_TARGET = 13.0;
				MARKETING_VERSION = 1.1.3;
				PRODUCT_BUNDLE_IDENTIFIER = com.AutoQuit;
				PRODUCT_NAME = "$(TARGET_NAME)";
				PROVISIONING_PROFILE_SPECIFIER = "";
				SWIFT_EMIT_LOC_STRINGS = YES;
				SWIFT_VERSION = 5.0;
			};
			name = Debug;
		};
		2517734E2A4F80980047DDA5 /* Release */ = {
			isa = XCBuildConfiguration;
			buildSettings = {
				ASSETCATALOG_COMPILER_APPICON_NAME = AppIcon;
				ASSETCATALOG_COMPILER_GLOBAL_ACCENT_COLOR_NAME = AccentColor;
				ASSETCATALOG_COMPILER_INCLUDE_ALL_APPICON_ASSETS = NO;
				CODE_SIGN_ENTITLEMENTS = AutoQuit/AutoQuit.entitlements;
				CODE_SIGN_IDENTITY = "Apple Development";
				CODE_SIGN_STYLE = Automatic;
				COMBINE_HIDPI_IMAGES = YES;
				CURRENT_PROJECT_VERSION = 1;
				DEVELOPMENT_ASSET_PATHS = "\"AutoQuit/Preview Content\"";
				DEVELOPMENT_TEAM = "";
				ENABLE_HARDENED_RUNTIME = YES;
				ENABLE_PREVIEWS = YES;
				GENERATE_INFOPLIST_FILE = YES;
				INFOPLIST_FILE = AutoQuit/Info.plist;
				INFOPLIST_KEY_CFBundleDisplayName = AutoQuit;
				INFOPLIST_KEY_LSApplicationCategoryType = "public.app-category.productivity";
				INFOPLIST_KEY_LSUIElement = YES;
				INFOPLIST_KEY_NSAppleEventsUsageDescription = "Needed to close apps";
				INFOPLIST_KEY_NSHumanReadableCopyright = "";
				LD_RUNPATH_SEARCH_PATHS = (
					"$(inherited)",
					"@executable_path/../Frameworks",
				);
				LOCALIZATION_PREFERS_STRING_CATALOGS = YES;
				MACOSX_DEPLOYMENT_TARGET = 13.0;
				MARKETING_VERSION = 1.1.3;
				PRODUCT_BUNDLE_IDENTIFIER = com.AutoQuit;
				PRODUCT_NAME = "$(TARGET_NAME)";
				PROVISIONING_PROFILE_SPECIFIER = "";
				SWIFT_EMIT_LOC_STRINGS = YES;
				SWIFT_VERSION = 5.0;
			};
			name = Release;
		};
		251773502A4F80980047DDA5 /* Debug */ = {
			isa = XCBuildConfiguration;
			buildSettings = {
				ALWAYS_EMBED_SWIFT_STANDARD_LIBRARIES = YES;
				BUNDLE_LOADER = "$(TEST_HOST)";
				CODE_SIGN_STYLE = Automatic;
				CURRENT_PROJECT_VERSION = 1;
				DEVELOPMENT_TEAM = "";
				GENERATE_INFOPLIST_FILE = YES;
				MACOSX_DEPLOYMENT_TARGET = 13.3;
				MARKETING_VERSION = 1.1.3;
				PRODUCT_BUNDLE_IDENTIFIER = com.AutoQuitTests;
				PRODUCT_NAME = "$(TARGET_NAME)";
				SWIFT_EMIT_LOC_STRINGS = NO;
				SWIFT_VERSION = 5.0;
				TEST_HOST = "$(BUILT_PRODUCTS_DIR)/AutoQuit.app/$(BUNDLE_EXECUTABLE_FOLDER_PATH)/AutoQuit";
			};
			name = Debug;
		};
		251773512A4F80980047DDA5 /* Release */ = {
			isa = XCBuildConfiguration;
			buildSettings = {
				ALWAYS_EMBED_SWIFT_STANDARD_LIBRARIES = YES;
				BUNDLE_LOADER = "$(TEST_HOST)";
				CODE_SIGN_STYLE = Automatic;
				CURRENT_PROJECT_VERSION = 1;
				DEVELOPMENT_TEAM = "";
				GENERATE_INFOPLIST_FILE = YES;
				MACOSX_DEPLOYMENT_TARGET = 13.3;
				MARKETING_VERSION = 1.1.3;
				PRODUCT_BUNDLE_IDENTIFIER = com.AutoQuitTests;
				PRODUCT_NAME = "$(TARGET_NAME)";
				SWIFT_EMIT_LOC_STRINGS = NO;
				SWIFT_VERSION = 5.0;
				TEST_HOST = "$(BUILT_PRODUCTS_DIR)/AutoQuit.app/$(BUNDLE_EXECUTABLE_FOLDER_PATH)/AutoQuit";
			};
			name = Release;
		};
		251773532A4F80980047DDA5 /* Debug */ = {
			isa = XCBuildConfiguration;
			buildSettings = {
				ALWAYS_EMBED_SWIFT_STANDARD_LIBRARIES = YES;
				CODE_SIGN_STYLE = Automatic;
				CURRENT_PROJECT_VERSION = 1;
				DEVELOPMENT_TEAM = "";
				GENERATE_INFOPLIST_FILE = YES;
				MARKETING_VERSION = 1.1.3;
				PRODUCT_BUNDLE_IDENTIFIER = com.AutoQuitUITests;
				PRODUCT_NAME = "$(TARGET_NAME)";
				SWIFT_EMIT_LOC_STRINGS = NO;
				SWIFT_VERSION = 5.0;
				TEST_TARGET_NAME = AutoQuit;
			};
			name = Debug;
		};
		251773542A4F80980047DDA5 /* Release */ = {
			isa = XCBuildConfiguration;
			buildSettings = {
				ALWAYS_EMBED_SWIFT_STANDARD_LIBRARIES = YES;
				CODE_SIGN_STYLE = Automatic;
				CURRENT_PROJECT_VERSION = 1;
				DEVELOPMENT_TEAM = "";
				GENERATE_INFOPLIST_FILE = YES;
				MARKETING_VERSION = 1.1.3;
				PRODUCT_BUNDLE_IDENTIFIER = com.AutoQuitUITests;
				PRODUCT_NAME = "$(TARGET_NAME)";
				SWIFT_EMIT_LOC_STRINGS = NO;
				SWIFT_VERSION = 5.0;
				TEST_TARGET_NAME = AutoQuit;
			};
			name = Release;
		};
/* End XCBuildConfiguration section */

/* Begin XCConfigurationList section */
		251773222A4F80970047DDA5 /* Build configuration list for PBXProject "AutoQuit" */ = {
			isa = XCConfigurationList;
			buildConfigurations = (
				2517734A2A4F80980047DDA5 /* Debug */,
				2517734B2A4F80980047DDA5 /* Release */,
			);
			defaultConfigurationIsVisible = 0;
			defaultConfigurationName = Release;
		};
		2517734C2A4F80980047DDA5 /* Build configuration list for PBXNativeTarget "AutoQuit" */ = {
			isa = XCConfigurationList;
			buildConfigurations = (
				2517734D2A4F80980047DDA5 /* Debug */,
				2517734E2A4F80980047DDA5 /* Release */,
			);
			defaultConfigurationIsVisible = 0;
			defaultConfigurationName = Release;
		};
		2517734F2A4F80980047DDA5 /* Build configuration list for PBXNativeTarget "AutoQuitTests" */ = {
			isa = XCConfigurationList;
			buildConfigurations = (
				251773502A4F80980047DDA5 /* Debug */,
				251773512A4F80980047DDA5 /* Release */,
			);
			defaultConfigurationIsVisible = 0;
			defaultConfigurationName = Release;
		};
		251773522A4F80980047DDA5 /* Build configuration list for PBXNativeTarget "AutoQuitUITests" */ = {
			isa = XCConfigurationList;
			buildConfigurations = (
				251773532A4F80980047DDA5 /* Debug */,
				251773542A4F80980047DDA5 /* Release */,
			);
			defaultConfigurationIsVisible = 0;
			defaultConfigurationName = Release;
		};
/* End XCConfigurationList section */
	};
	rootObject = 2517731F2A4F80970047DDA5 /* Project object */;
}
